
Microsoft Visual Studio Solution File, Format Version 12.00
# Visual Studio Version 17
VisualStudioVersion = 17.6.33723.286
MinimumVisualStudioVersion = 10.0.40219.1
Project("{FAE04EC0-301F-11D3-BF4B-00C04F79EFBC}") = "DotnetStandardPractice", "DotnetStandardPractice.csproj", "{7CCBFEE3-7708-4205-85AF-09B5E70B1468}"
EndProject
Project("{FAE04EC0-301F-11D3-BF4B-00C04F79EFBC}") = "DotnetFrameworkConsoleApp", "..\DotnetFrameworkConsoleApp\DotnetFrameworkConsoleApp.csproj", "{559CE1D0-FE5B-48CB-9050-1760713C8D07}"
EndProject
Global
	GlobalSection(SolutionConfigurationPlatforms) = preSolution
		Debug|Any CPU = Debug|Any CPU
		Release|Any CPU = Release|Any CPU
	EndGlobalSection
	GlobalSection(ProjectConfigurationPlatforms) = postSolution
		{7CCBFEE3-7708-4205-85AF-09B5E70B1468}.Debug|Any CPU.ActiveCfg = Debug|Any CPU
		{7CCBFEE3-7708-4205-85AF-09B5E70B1468}.Debug|Any CPU.Build.0 = Debug|Any CPU
		{7CCBFEE3-7708-4205-85AF-09B5E70B1468}.Release|Any CPU.ActiveCfg = Release|Any CPU
		{7CCBFEE3-7708-4205-85AF-09B5E70B1468}.Release|Any CPU.Build.0 = Release|Any CPU
		{559CE1D0-FE5B-48CB-9050-1760713C8D07}.Debug|Any CPU.ActiveCfg = Debug|Any CPU
		{559CE1D0-FE5B-48CB-9050-1760713C8D07}.Debug|Any CPU.Build.0 = Debug|Any CPU
		{559CE1D0-FE5B-48CB-9050-1760713C8D07}.Release|Any CPU.ActiveCfg = Release|Any CPU
		{559CE1D0-FE5B-48CB-9050-1760713C8D07}.Release|Any CPU.Build.0 = Release|Any CPU
	EndGlobalSection
	GlobalSection(SolutionProperties) = preSolution
		HideSolutionNode = FALSE
	EndGlobalSection
	GlobalSection(ExtensibilityGlobals) = postSolution
		SolutionGuid = {1B8E52FA-4560-4092-8719-147DB3286978}
	EndGlobalSection
EndGlobal
